// !$*UTF8*$!
{
	archiveVersion = 1;
	classes = {
	};
	objectVersion = 46;
	objects = {

/* Begin PBXBuildFile section */
		040280FF1BA544400004563C /* OdometerEntryViewController.swift in Sources */ = {isa = PBXBuildFile; fileRef = 040280FE1BA544400004563C /* OdometerEntryViewController.swift */; };
		040281011BA545C10004563C /* VehicleDetailVC-Ext.swift in Sources */ = {isa = PBXBuildFile; fileRef = 040281001BA545C10004563C /* VehicleDetailVC-Ext.swift */; };
		0417EB781BAE832800363EF0 /* VehiclePhoto.swift in Sources */ = {isa = PBXBuildFile; fileRef = 0417EB771BAE832800363EF0 /* VehiclePhoto.swift */; };
		0417EB7A1BAE842E00363EF0 /* DocumentsDirManager.swift in Sources */ = {isa = PBXBuildFile; fileRef = 0417EB791BAE842E00363EF0 /* DocumentsDirManager.swift */; };
		04278D331BA7ABFB00862B66 /* FlickrConstants.swift in Sources */ = {isa = PBXBuildFile; fileRef = 04278D321BA7ABFB00862B66 /* FlickrConstants.swift */; };
		04278D351BA7AC1E00862B66 /* FlickrClient.swift in Sources */ = {isa = PBXBuildFile; fileRef = 04278D341BA7AC1E00862B66 /* FlickrClient.swift */; };
		04278D371BA7FB8C00862B66 /* NicknameEntryViewController.swift in Sources */ = {isa = PBXBuildFile; fileRef = 04278D361BA7FB8C00862B66 /* NicknameEntryViewController.swift */; };
		043D0DBE1B86EC50005122BC /* AsyncButton.swift in Sources */ = {isa = PBXBuildFile; fileRef = 043D0DA01B86EC50005122BC /* AsyncButton.swift */; };
		043D0DBF1B86EC50005122BC /* AsyncImageView.swift in Sources */ = {isa = PBXBuildFile; fileRef = 043D0DA11B86EC50005122BC /* AsyncImageView.swift */; };
		043D0DC01B86EC50005122BC /* AutoTextView.swift in Sources */ = {isa = PBXBuildFile; fileRef = 043D0DA21B86EC50005122BC /* AutoTextView.swift */; };
		043D0DC11B86EC50005122BC /* BlurView.swift in Sources */ = {isa = PBXBuildFile; fileRef = 043D0DA31B86EC50005122BC /* BlurView.swift */; };
		043D0DC21B86EC50005122BC /* DesignableButton.swift in Sources */ = {isa = PBXBuildFile; fileRef = 043D0DA41B86EC50005122BC /* DesignableButton.swift */; };
		043D0DC31B86EC50005122BC /* DesignableImageView.swift in Sources */ = {isa = PBXBuildFile; fileRef = 043D0DA51B86EC50005122BC /* DesignableImageView.swift */; };
		043D0DC41B86EC50005122BC /* DesignableLabel.swift in Sources */ = {isa = PBXBuildFile; fileRef = 043D0DA61B86EC50005122BC /* DesignableLabel.swift */; };
		043D0DC51B86EC50005122BC /* DesignableTabBarController.swift in Sources */ = {isa = PBXBuildFile; fileRef = 043D0DA71B86EC50005122BC /* DesignableTabBarController.swift */; };
		043D0DC61B86EC50005122BC /* DesignableTextField.swift in Sources */ = {isa = PBXBuildFile; fileRef = 043D0DA81B86EC50005122BC /* DesignableTextField.swift */; };
		043D0DC71B86EC50005122BC /* DesignableTextView.swift in Sources */ = {isa = PBXBuildFile; fileRef = 043D0DA91B86EC50005122BC /* DesignableTextView.swift */; };
		043D0DC81B86EC50005122BC /* DesignableView.swift in Sources */ = {isa = PBXBuildFile; fileRef = 043D0DAA1B86EC50005122BC /* DesignableView.swift */; };
		043D0DC91B86EC50005122BC /* ImageLoader.swift in Sources */ = {isa = PBXBuildFile; fileRef = 043D0DAB1B86EC50005122BC /* ImageLoader.swift */; };
		043D0DCA1B86EC50005122BC /* Info.plist in Resources */ = {isa = PBXBuildFile; fileRef = 043D0DAC1B86EC50005122BC /* Info.plist */; };
		043D0DCB1B86EC50005122BC /* KeyboardLayoutConstraint.swift in Sources */ = {isa = PBXBuildFile; fileRef = 043D0DAD1B86EC50005122BC /* KeyboardLayoutConstraint.swift */; };
		043D0DCC1B86EC50005122BC /* LoadingView.swift in Sources */ = {isa = PBXBuildFile; fileRef = 043D0DAE1B86EC50005122BC /* LoadingView.swift */; };
		043D0DCD1B86EC50005122BC /* LoadingView.xib in Resources */ = {isa = PBXBuildFile; fileRef = 043D0DAF1B86EC50005122BC /* LoadingView.xib */; };
		043D0DCE1B86EC50005122BC /* Misc.swift in Sources */ = {isa = PBXBuildFile; fileRef = 043D0DB01B86EC50005122BC /* Misc.swift */; };
		043D0DCF1B86EC50005122BC /* SoundPlayer.swift in Sources */ = {isa = PBXBuildFile; fileRef = 043D0DB11B86EC50005122BC /* SoundPlayer.swift */; };
		043D0DD01B86EC50005122BC /* Spring.swift in Sources */ = {isa = PBXBuildFile; fileRef = 043D0DB31B86EC50005122BC /* Spring.swift */; };
		043D0DD11B86EC50005122BC /* SpringAnimation.swift in Sources */ = {isa = PBXBuildFile; fileRef = 043D0DB41B86EC50005122BC /* SpringAnimation.swift */; };
		043D0DD21B86EC50005122BC /* SpringButton.swift in Sources */ = {isa = PBXBuildFile; fileRef = 043D0DB51B86EC50005122BC /* SpringButton.swift */; };
		043D0DD31B86EC50005122BC /* SpringImageView.swift in Sources */ = {isa = PBXBuildFile; fileRef = 043D0DB61B86EC50005122BC /* SpringImageView.swift */; };
		043D0DD41B86EC50005122BC /* SpringLabel.swift in Sources */ = {isa = PBXBuildFile; fileRef = 043D0DB71B86EC50005122BC /* SpringLabel.swift */; };
		043D0DD51B86EC50005122BC /* SpringTextField.swift in Sources */ = {isa = PBXBuildFile; fileRef = 043D0DB81B86EC50005122BC /* SpringTextField.swift */; };
		043D0DD61B86EC50005122BC /* SpringTextView.swift in Sources */ = {isa = PBXBuildFile; fileRef = 043D0DB91B86EC50005122BC /* SpringTextView.swift */; };
		043D0DD71B86EC50005122BC /* SpringView.swift in Sources */ = {isa = PBXBuildFile; fileRef = 043D0DBA1B86EC50005122BC /* SpringView.swift */; };
		043D0DD81B86EC50005122BC /* TransitionManager.swift in Sources */ = {isa = PBXBuildFile; fileRef = 043D0DBB1B86EC50005122BC /* TransitionManager.swift */; };
		043D0DD91B86EC50005122BC /* TransitionZoom.swift in Sources */ = {isa = PBXBuildFile; fileRef = 043D0DBC1B86EC50005122BC /* TransitionZoom.swift */; };
		043D0DDA1B86EC50005122BC /* UnwindSegue.swift in Sources */ = {isa = PBXBuildFile; fileRef = 043D0DBD1B86EC50005122BC /* UnwindSegue.swift */; };
		044CD1321B9EB2F800B430CA /* VehicleDetailViewController.swift in Sources */ = {isa = PBXBuildFile; fileRef = 044CD1311B9EB2F800B430CA /* VehicleDetailViewController.swift */; };
		044F5F6F1BB0E4B400622FEB /* PhotoGalleryViewController.swift in Sources */ = {isa = PBXBuildFile; fileRef = 044F5F6E1BB0E4B400622FEB /* PhotoGalleryViewController.swift */; };
		044F5F711BB0E4FA00622FEB /* PhotoGalleryVC-CollectionView.swift in Sources */ = {isa = PBXBuildFile; fileRef = 044F5F701BB0E4FA00622FEB /* PhotoGalleryVC-CollectionView.swift */; };
		044F5F731BB0EB4800622FEB /* VehiclePhotoCell.swift in Sources */ = {isa = PBXBuildFile; fileRef = 044F5F721BB0EB4800622FEB /* VehiclePhotoCell.swift */; };
		044F5F751BB0ED8800622FEB /* PhotoVC-Utility.swift in Sources */ = {isa = PBXBuildFile; fileRef = 044F5F741BB0ED8800622FEB /* PhotoVC-Utility.swift */; };
		044F5F771BB115D200622FEB /* PhotoGalleryVC-CoreData.swift in Sources */ = {isa = PBXBuildFile; fileRef = 044F5F761BB115D200622FEB /* PhotoGalleryVC-CoreData.swift */; };
		045D73181BB9144F00507982 /* FlickrGalleryViewController.swift in Sources */ = {isa = PBXBuildFile; fileRef = 045D73171BB9144F00507982 /* FlickrGalleryViewController.swift */; };
		045D731A1BB9170200507982 /* FlickrGalleryCell.swift in Sources */ = {isa = PBXBuildFile; fileRef = 045D73191BB9170200507982 /* FlickrGalleryCell.swift */; };
		045D731C1BB9233E00507982 /* FlickrGalleryVC-CollectionView.swift in Sources */ = {isa = PBXBuildFile; fileRef = 045D731B1BB9233E00507982 /* FlickrGalleryVC-CollectionView.swift */; };
		047296DB1B9CF57C0058ABFF /* UIView-Animations.swift in Sources */ = {isa = PBXBuildFile; fileRef = 047296DA1B9CF57C0058ABFF /* UIView-Animations.swift */; };
		0478CFB51B9540E900F39D6D /* EdmundsClient.swift in Sources */ = {isa = PBXBuildFile; fileRef = 0478CFB41B9540E900F39D6D /* EdmundsClient.swift */; };
		0478CFB71B95789700F39D6D /* EdmundsConstants.swift in Sources */ = {isa = PBXBuildFile; fileRef = 0478CFB61B95789700F39D6D /* EdmundsConstants.swift */; };
		0478CFB91B957F5C00F39D6D /* MiGarageError.swift in Sources */ = {isa = PBXBuildFile; fileRef = 0478CFB81B957F5C00F39D6D /* MiGarageError.swift */; };
		048591761B93C7A00011AE33 /* AddVehicleVC-PopupView.swift in Sources */ = {isa = PBXBuildFile; fileRef = 048591751B93C7A00011AE33 /* AddVehicleVC-PopupView.swift */; };
		048A97C11B8143E200E3F263 /* AppDelegate.swift in Sources */ = {isa = PBXBuildFile; fileRef = 048A97C01B8143E200E3F263 /* AppDelegate.swift */; };
		048A97C41B8143E200E3F263 /* MiGarage.xcdatamodeld in Sources */ = {isa = PBXBuildFile; fileRef = 048A97C21B8143E200E3F263 /* MiGarage.xcdatamodeld */; };
		048A97C61B8143E200E3F263 /* GarageViewController.swift in Sources */ = {isa = PBXBuildFile; fileRef = 048A97C51B8143E200E3F263 /* GarageViewController.swift */; };
		048A97C91B8143E200E3F263 /* Main.storyboard in Resources */ = {isa = PBXBuildFile; fileRef = 048A97C71B8143E200E3F263 /* Main.storyboard */; };
		048A97CB1B8143E200E3F263 /* Images.xcassets in Resources */ = {isa = PBXBuildFile; fileRef = 048A97CA1B8143E200E3F263 /* Images.xcassets */; };
		048A97CE1B8143E200E3F263 /* LaunchScreen.xib in Resources */ = {isa = PBXBuildFile; fileRef = 048A97CC1B8143E200E3F263 /* LaunchScreen.xib */; };
		048A97DA1B8143E300E3F263 /* MiGarageTests.swift in Sources */ = {isa = PBXBuildFile; fileRef = 048A97D91B8143E300E3F263 /* MiGarageTests.swift */; };
		0493E4FE1BBCB07C007B5E80 /* FlickrGalleryVC-Utility.swift in Sources */ = {isa = PBXBuildFile; fileRef = 0493E4FD1BBCB07C007B5E80 /* FlickrGalleryVC-Utility.swift */; };
		0493E5001BBCB2B1007B5E80 /* FlickrGalleryImageDownloader.swift in Sources */ = {isa = PBXBuildFile; fileRef = 0493E4FF1BBCB2B1007B5E80 /* FlickrGalleryImageDownloader.swift */; };
		0493E5021BBCB723007B5E80 /* OperationQueueManager.swift in Sources */ = {isa = PBXBuildFile; fileRef = 0493E5011BBCB723007B5E80 /* OperationQueueManager.swift */; };
		049E96381BB37F2A00D0CE3A /* PhotoGalleryVC-Images.swift in Sources */ = {isa = PBXBuildFile; fileRef = 049E96371BB37F2A00D0CE3A /* PhotoGalleryVC-Images.swift */; };
		049E963B1BB3C40100D0CE3A /* PhotoDetailViewController.swift in Sources */ = {isa = PBXBuildFile; fileRef = 049E963A1BB3C40100D0CE3A /* PhotoDetailViewController.swift */; };
		04D001421B87F10700F0393A /* MiGarageUtility.swift in Sources */ = {isa = PBXBuildFile; fileRef = 04D001411B87F10700F0393A /* MiGarageUtility.swift */; };
		04D001441B87F45E00F0393A /* Vehicle.swift in Sources */ = {isa = PBXBuildFile; fileRef = 04D001431B87F45E00F0393A /* Vehicle.swift */; };
		04D001471B88251F00F0393A /* AddVehicleViewController.swift in Sources */ = {isa = PBXBuildFile; fileRef = 04D001461B88251F00F0393A /* AddVehicleViewController.swift */; };
		04D001491B8825D800F0393A /* AddVehicleVC-TableView.swift in Sources */ = {isa = PBXBuildFile; fileRef = 04D001481B8825D800F0393A /* AddVehicleVC-TableView.swift */; };
		04D0014C1B8842BE00F0393A /* AddVehicleMenuViewController.swift in Sources */ = {isa = PBXBuildFile; fileRef = 04D0014B1B8842BE00F0393A /* AddVehicleMenuViewController.swift */; };
		04D0014F1B88436F00F0393A /* AddVehicleMenuVC-TableView.swift in Sources */ = {isa = PBXBuildFile; fileRef = 04D0014E1B88436F00F0393A /* AddVehicleMenuVC-TableView.swift */; };
		04D001511B88468200F0393A /* AddVehicleVC-Utility.swift in Sources */ = {isa = PBXBuildFile; fileRef = 04D001501B88468200F0393A /* AddVehicleVC-Utility.swift */; };
		04D001541B884CFE00F0393A /* AddVehicleTextViewController.swift in Sources */ = {isa = PBXBuildFile; fileRef = 04D001531B884CFE00F0393A /* AddVehicleTextViewController.swift */; };
		04D001561B8854E200F0393A /* VehicleTextCell.swift in Sources */ = {isa = PBXBuildFile; fileRef = 04D001551B8854E200F0393A /* VehicleTextCell.swift */; };
		04F8AF351B87DDE7007C632D /* VehicleListCell.swift in Sources */ = {isa = PBXBuildFile; fileRef = 04F8AF341B87DDE7007C632D /* VehicleListCell.swift */; };
		04F8AF381B87E103007C632D /* GarageVC-TableView.swift in Sources */ = {isa = PBXBuildFile; fileRef = 04F8AF371B87E103007C632D /* GarageVC-TableView.swift */; };
		04F8AF3A1B87E369007C632D /* GarageVC-CoreData.swift in Sources */ = {isa = PBXBuildFile; fileRef = 04F8AF391B87E369007C632D /* GarageVC-CoreData.swift */; };
		04F8AF3C1B87E73F007C632D /* CoreDataStackManager.swift in Sources */ = {isa = PBXBuildFile; fileRef = 04F8AF3B1B87E73F007C632D /* CoreDataStackManager.swift */; };
/* End PBXBuildFile section */

/* Begin PBXContainerItemProxy section */
		048A97D41B8143E300E3F263 /* PBXContainerItemProxy */ = {
			isa = PBXContainerItemProxy;
			containerPortal = 048A97B31B8143E200E3F263 /* Project object */;
			proxyType = 1;
			remoteGlobalIDString = 048A97BA1B8143E200E3F263;
			remoteInfo = MiGarage;
		};
/* End PBXContainerItemProxy section */

/* Begin PBXFileReference section */
		040280FE1BA544400004563C /* OdometerEntryViewController.swift */ = {isa = PBXFileReference; fileEncoding = 4; lastKnownFileType = sourcecode.swift; path = OdometerEntryViewController.swift; sourceTree = "<group>"; };
		040281001BA545C10004563C /* VehicleDetailVC-Ext.swift */ = {isa = PBXFileReference; fileEncoding = 4; lastKnownFileType = sourcecode.swift; path = "VehicleDetailVC-Ext.swift"; sourceTree = "<group>"; };
		0417EB771BAE832800363EF0 /* VehiclePhoto.swift */ = {isa = PBXFileReference; fileEncoding = 4; lastKnownFileType = sourcecode.swift; name = VehiclePhoto.swift; path = ../VehiclePhoto.swift; sourceTree = "<group>"; };
		0417EB791BAE842E00363EF0 /* DocumentsDirManager.swift */ = {isa = PBXFileReference; fileEncoding = 4; lastKnownFileType = sourcecode.swift; path = DocumentsDirManager.swift; sourceTree = "<group>"; };
		04278D321BA7ABFB00862B66 /* FlickrConstants.swift */ = {isa = PBXFileReference; fileEncoding = 4; lastKnownFileType = sourcecode.swift; path = FlickrConstants.swift; sourceTree = "<group>"; };
		04278D341BA7AC1E00862B66 /* FlickrClient.swift */ = {isa = PBXFileReference; fileEncoding = 4; lastKnownFileType = sourcecode.swift; path = FlickrClient.swift; sourceTree = "<group>"; };
		04278D361BA7FB8C00862B66 /* NicknameEntryViewController.swift */ = {isa = PBXFileReference; fileEncoding = 4; lastKnownFileType = sourcecode.swift; path = NicknameEntryViewController.swift; sourceTree = "<group>"; };
		043D0DA01B86EC50005122BC /* AsyncButton.swift */ = {isa = PBXFileReference; fileEncoding = 4; lastKnownFileType = sourcecode.swift; path = AsyncButton.swift; sourceTree = "<group>"; };
		043D0DA11B86EC50005122BC /* AsyncImageView.swift */ = {isa = PBXFileReference; fileEncoding = 4; lastKnownFileType = sourcecode.swift; path = AsyncImageView.swift; sourceTree = "<group>"; };
		043D0DA21B86EC50005122BC /* AutoTextView.swift */ = {isa = PBXFileReference; fileEncoding = 4; lastKnownFileType = sourcecode.swift; path = AutoTextView.swift; sourceTree = "<group>"; };
		043D0DA31B86EC50005122BC /* BlurView.swift */ = {isa = PBXFileReference; fileEncoding = 4; lastKnownFileType = sourcecode.swift; path = BlurView.swift; sourceTree = "<group>"; };
		043D0DA41B86EC50005122BC /* DesignableButton.swift */ = {isa = PBXFileReference; fileEncoding = 4; lastKnownFileType = sourcecode.swift; path = DesignableButton.swift; sourceTree = "<group>"; };
		043D0DA51B86EC50005122BC /* DesignableImageView.swift */ = {isa = PBXFileReference; fileEncoding = 4; lastKnownFileType = sourcecode.swift; path = DesignableImageView.swift; sourceTree = "<group>"; };
		043D0DA61B86EC50005122BC /* DesignableLabel.swift */ = {isa = PBXFileReference; fileEncoding = 4; lastKnownFileType = sourcecode.swift; path = DesignableLabel.swift; sourceTree = "<group>"; };
		043D0DA71B86EC50005122BC /* DesignableTabBarController.swift */ = {isa = PBXFileReference; fileEncoding = 4; lastKnownFileType = sourcecode.swift; path = DesignableTabBarController.swift; sourceTree = "<group>"; };
		043D0DA81B86EC50005122BC /* DesignableTextField.swift */ = {isa = PBXFileReference; fileEncoding = 4; lastKnownFileType = sourcecode.swift; path = DesignableTextField.swift; sourceTree = "<group>"; };
		043D0DA91B86EC50005122BC /* DesignableTextView.swift */ = {isa = PBXFileReference; fileEncoding = 4; lastKnownFileType = sourcecode.swift; path = DesignableTextView.swift; sourceTree = "<group>"; };
		043D0DAA1B86EC50005122BC /* DesignableView.swift */ = {isa = PBXFileReference; fileEncoding = 4; lastKnownFileType = sourcecode.swift; path = DesignableView.swift; sourceTree = "<group>"; };
		043D0DAB1B86EC50005122BC /* ImageLoader.swift */ = {isa = PBXFileReference; fileEncoding = 4; lastKnownFileType = sourcecode.swift; path = ImageLoader.swift; sourceTree = "<group>"; };
		043D0DAC1B86EC50005122BC /* Info.plist */ = {isa = PBXFileReference; fileEncoding = 4; lastKnownFileType = text.plist.xml; path = Info.plist; sourceTree = "<group>"; };
		043D0DAD1B86EC50005122BC /* KeyboardLayoutConstraint.swift */ = {isa = PBXFileReference; fileEncoding = 4; lastKnownFileType = sourcecode.swift; path = KeyboardLayoutConstraint.swift; sourceTree = "<group>"; };
		043D0DAE1B86EC50005122BC /* LoadingView.swift */ = {isa = PBXFileReference; fileEncoding = 4; lastKnownFileType = sourcecode.swift; path = LoadingView.swift; sourceTree = "<group>"; };
		043D0DAF1B86EC50005122BC /* LoadingView.xib */ = {isa = PBXFileReference; fileEncoding = 4; lastKnownFileType = file.xib; path = LoadingView.xib; sourceTree = "<group>"; };
		043D0DB01B86EC50005122BC /* Misc.swift */ = {isa = PBXFileReference; fileEncoding = 4; lastKnownFileType = sourcecode.swift; path = Misc.swift; sourceTree = "<group>"; };
		043D0DB11B86EC50005122BC /* SoundPlayer.swift */ = {isa = PBXFileReference; fileEncoding = 4; lastKnownFileType = sourcecode.swift; path = SoundPlayer.swift; sourceTree = "<group>"; };
		043D0DB21B86EC50005122BC /* Spring.h */ = {isa = PBXFileReference; fileEncoding = 4; lastKnownFileType = sourcecode.c.h; path = Spring.h; sourceTree = "<group>"; };
		043D0DB31B86EC50005122BC /* Spring.swift */ = {isa = PBXFileReference; fileEncoding = 4; lastKnownFileType = sourcecode.swift; path = Spring.swift; sourceTree = "<group>"; };
		043D0DB41B86EC50005122BC /* SpringAnimation.swift */ = {isa = PBXFileReference; fileEncoding = 4; lastKnownFileType = sourcecode.swift; path = SpringAnimation.swift; sourceTree = "<group>"; };
		043D0DB51B86EC50005122BC /* SpringButton.swift */ = {isa = PBXFileReference; fileEncoding = 4; lastKnownFileType = sourcecode.swift; path = SpringButton.swift; sourceTree = "<group>"; };
		043D0DB61B86EC50005122BC /* SpringImageView.swift */ = {isa = PBXFileReference; fileEncoding = 4; lastKnownFileType = sourcecode.swift; path = SpringImageView.swift; sourceTree = "<group>"; };
		043D0DB71B86EC50005122BC /* SpringLabel.swift */ = {isa = PBXFileReference; fileEncoding = 4; lastKnownFileType = sourcecode.swift; path = SpringLabel.swift; sourceTree = "<group>"; };
		043D0DB81B86EC50005122BC /* SpringTextField.swift */ = {isa = PBXFileReference; fileEncoding = 4; lastKnownFileType = sourcecode.swift; path = SpringTextField.swift; sourceTree = "<group>"; };
		043D0DB91B86EC50005122BC /* SpringTextView.swift */ = {isa = PBXFileReference; fileEncoding = 4; lastKnownFileType = sourcecode.swift; path = SpringTextView.swift; sourceTree = "<group>"; };
		043D0DBA1B86EC50005122BC /* SpringView.swift */ = {isa = PBXFileReference; fileEncoding = 4; lastKnownFileType = sourcecode.swift; path = SpringView.swift; sourceTree = "<group>"; };
		043D0DBB1B86EC50005122BC /* TransitionManager.swift */ = {isa = PBXFileReference; fileEncoding = 4; lastKnownFileType = sourcecode.swift; path = TransitionManager.swift; sourceTree = "<group>"; };
		043D0DBC1B86EC50005122BC /* TransitionZoom.swift */ = {isa = PBXFileReference; fileEncoding = 4; lastKnownFileType = sourcecode.swift; path = TransitionZoom.swift; sourceTree = "<group>"; };
		043D0DBD1B86EC50005122BC /* UnwindSegue.swift */ = {isa = PBXFileReference; fileEncoding = 4; lastKnownFileType = sourcecode.swift; path = UnwindSegue.swift; sourceTree = "<group>"; };
		044CD1311B9EB2F800B430CA /* VehicleDetailViewController.swift */ = {isa = PBXFileReference; fileEncoding = 4; lastKnownFileType = sourcecode.swift; path = VehicleDetailViewController.swift; sourceTree = "<group>"; };
		044F5F6E1BB0E4B400622FEB /* PhotoGalleryViewController.swift */ = {isa = PBXFileReference; fileEncoding = 4; lastKnownFileType = sourcecode.swift; path = PhotoGalleryViewController.swift; sourceTree = "<group>"; };
		044F5F701BB0E4FA00622FEB /* PhotoGalleryVC-CollectionView.swift */ = {isa = PBXFileReference; fileEncoding = 4; lastKnownFileType = sourcecode.swift; path = "PhotoGalleryVC-CollectionView.swift"; sourceTree = "<group>"; };
		044F5F721BB0EB4800622FEB /* VehiclePhotoCell.swift */ = {isa = PBXFileReference; fileEncoding = 4; lastKnownFileType = sourcecode.swift; path = VehiclePhotoCell.swift; sourceTree = "<group>"; };
		044F5F741BB0ED8800622FEB /* PhotoVC-Utility.swift */ = {isa = PBXFileReference; fileEncoding = 4; lastKnownFileType = sourcecode.swift; path = "PhotoVC-Utility.swift"; sourceTree = "<group>"; };
		044F5F761BB115D200622FEB /* PhotoGalleryVC-CoreData.swift */ = {isa = PBXFileReference; fileEncoding = 4; lastKnownFileType = sourcecode.swift; path = "PhotoGalleryVC-CoreData.swift"; sourceTree = "<group>"; };
		045D73171BB9144F00507982 /* FlickrGalleryViewController.swift */ = {isa = PBXFileReference; fileEncoding = 4; lastKnownFileType = sourcecode.swift; path = FlickrGalleryViewController.swift; sourceTree = "<group>"; };
		045D73191BB9170200507982 /* FlickrGalleryCell.swift */ = {isa = PBXFileReference; fileEncoding = 4; lastKnownFileType = sourcecode.swift; path = FlickrGalleryCell.swift; sourceTree = "<group>"; };
		045D731B1BB9233E00507982 /* FlickrGalleryVC-CollectionView.swift */ = {isa = PBXFileReference; fileEncoding = 4; lastKnownFileType = sourcecode.swift; path = "FlickrGalleryVC-CollectionView.swift"; sourceTree = "<group>"; };
		047296DA1B9CF57C0058ABFF /* UIView-Animations.swift */ = {isa = PBXFileReference; fileEncoding = 4; lastKnownFileType = sourcecode.swift; path = "UIView-Animations.swift"; sourceTree = "<group>"; };
		0478CFB41B9540E900F39D6D /* EdmundsClient.swift */ = {isa = PBXFileReference; fileEncoding = 4; lastKnownFileType = sourcecode.swift; path = EdmundsClient.swift; sourceTree = "<group>"; };
		0478CFB61B95789700F39D6D /* EdmundsConstants.swift */ = {isa = PBXFileReference; fileEncoding = 4; lastKnownFileType = sourcecode.swift; path = EdmundsConstants.swift; sourceTree = "<group>"; };
		0478CFB81B957F5C00F39D6D /* MiGarageError.swift */ = {isa = PBXFileReference; fileEncoding = 4; lastKnownFileType = sourcecode.swift; path = MiGarageError.swift; sourceTree = "<group>"; };
		048591751B93C7A00011AE33 /* AddVehicleVC-PopupView.swift */ = {isa = PBXFileReference; fileEncoding = 4; lastKnownFileType = sourcecode.swift; path = "AddVehicleVC-PopupView.swift"; sourceTree = "<group>"; };
		048A97BB1B8143E200E3F263 /* MiGarage.app */ = {isa = PBXFileReference; explicitFileType = wrapper.application; includeInIndex = 0; path = MiGarage.app; sourceTree = BUILT_PRODUCTS_DIR; };
		048A97BF1B8143E200E3F263 /* Info.plist */ = {isa = PBXFileReference; lastKnownFileType = text.plist.xml; path = Info.plist; sourceTree = "<group>"; };
		048A97C01B8143E200E3F263 /* AppDelegate.swift */ = {isa = PBXFileReference; lastKnownFileType = sourcecode.swift; path = AppDelegate.swift; sourceTree = "<group>"; };
		048A97C31B8143E200E3F263 /* MiGarage.xcdatamodel */ = {isa = PBXFileReference; lastKnownFileType = wrapper.xcdatamodel; path = MiGarage.xcdatamodel; sourceTree = "<group>"; };
		048A97C51B8143E200E3F263 /* GarageViewController.swift */ = {isa = PBXFileReference; lastKnownFileType = sourcecode.swift; path = GarageViewController.swift; sourceTree = "<group>"; };
		048A97C81B8143E200E3F263 /* Base */ = {isa = PBXFileReference; lastKnownFileType = file.storyboard; name = Base; path = Base.lproj/Main.storyboard; sourceTree = "<group>"; };
		048A97CA1B8143E200E3F263 /* Images.xcassets */ = {isa = PBXFileReference; lastKnownFileType = folder.assetcatalog; path = Images.xcassets; sourceTree = "<group>"; };
		048A97CD1B8143E200E3F263 /* Base */ = {isa = PBXFileReference; lastKnownFileType = file.xib; name = Base; path = Base.lproj/LaunchScreen.xib; sourceTree = "<group>"; };
		048A97D31B8143E300E3F263 /* MiGarageTests.xctest */ = {isa = PBXFileReference; explicitFileType = wrapper.cfbundle; includeInIndex = 0; path = MiGarageTests.xctest; sourceTree = BUILT_PRODUCTS_DIR; };
		048A97D81B8143E300E3F263 /* Info.plist */ = {isa = PBXFileReference; lastKnownFileType = text.plist.xml; path = Info.plist; sourceTree = "<group>"; };
		048A97D91B8143E300E3F263 /* MiGarageTests.swift */ = {isa = PBXFileReference; lastKnownFileType = sourcecode.swift; path = MiGarageTests.swift; sourceTree = "<group>"; };
		0493E4FD1BBCB07C007B5E80 /* FlickrGalleryVC-Utility.swift */ = {isa = PBXFileReference; fileEncoding = 4; lastKnownFileType = sourcecode.swift; path = "FlickrGalleryVC-Utility.swift"; sourceTree = "<group>"; };
		0493E4FF1BBCB2B1007B5E80 /* FlickrGalleryImageDownloader.swift */ = {isa = PBXFileReference; fileEncoding = 4; lastKnownFileType = sourcecode.swift; path = FlickrGalleryImageDownloader.swift; sourceTree = "<group>"; };
		0493E5011BBCB723007B5E80 /* OperationQueueManager.swift */ = {isa = PBXFileReference; fileEncoding = 4; lastKnownFileType = sourcecode.swift; path = OperationQueueManager.swift; sourceTree = "<group>"; };
		049E96371BB37F2A00D0CE3A /* PhotoGalleryVC-Images.swift */ = {isa = PBXFileReference; fileEncoding = 4; lastKnownFileType = sourcecode.swift; path = "PhotoGalleryVC-Images.swift"; sourceTree = "<group>"; };
		049E963A1BB3C40100D0CE3A /* PhotoDetailViewController.swift */ = {isa = PBXFileReference; fileEncoding = 4; lastKnownFileType = sourcecode.swift; path = PhotoDetailViewController.swift; sourceTree = "<group>"; };
		04D001411B87F10700F0393A /* MiGarageUtility.swift */ = {isa = PBXFileReference; fileEncoding = 4; lastKnownFileType = sourcecode.swift; path = MiGarageUtility.swift; sourceTree = "<group>"; };
		04D001431B87F45E00F0393A /* Vehicle.swift */ = {isa = PBXFileReference; fileEncoding = 4; lastKnownFileType = sourcecode.swift; name = Vehicle.swift; path = ../Vehicle.swift; sourceTree = "<group>"; };
		04D001461B88251F00F0393A /* AddVehicleViewController.swift */ = {isa = PBXFileReference; fileEncoding = 4; lastKnownFileType = sourcecode.swift; path = AddVehicleViewController.swift; sourceTree = "<group>"; };
		04D001481B8825D800F0393A /* AddVehicleVC-TableView.swift */ = {isa = PBXFileReference; fileEncoding = 4; lastKnownFileType = sourcecode.swift; path = "AddVehicleVC-TableView.swift"; sourceTree = "<group>"; };
		04D0014B1B8842BE00F0393A /* AddVehicleMenuViewController.swift */ = {isa = PBXFileReference; fileEncoding = 4; lastKnownFileType = sourcecode.swift; path = AddVehicleMenuViewController.swift; sourceTree = "<group>"; };
		04D0014E1B88436F00F0393A /* AddVehicleMenuVC-TableView.swift */ = {isa = PBXFileReference; fileEncoding = 4; lastKnownFileType = sourcecode.swift; path = "AddVehicleMenuVC-TableView.swift"; sourceTree = "<group>"; };
		04D001501B88468200F0393A /* AddVehicleVC-Utility.swift */ = {isa = PBXFileReference; fileEncoding = 4; lastKnownFileType = sourcecode.swift; path = "AddVehicleVC-Utility.swift"; sourceTree = "<group>"; };
		04D001531B884CFE00F0393A /* AddVehicleTextViewController.swift */ = {isa = PBXFileReference; fileEncoding = 4; lastKnownFileType = sourcecode.swift; path = AddVehicleTextViewController.swift; sourceTree = "<group>"; };
		04D001551B8854E200F0393A /* VehicleTextCell.swift */ = {isa = PBXFileReference; fileEncoding = 4; lastKnownFileType = sourcecode.swift; path = VehicleTextCell.swift; sourceTree = "<group>"; };
		04F8AF341B87DDE7007C632D /* VehicleListCell.swift */ = {isa = PBXFileReference; fileEncoding = 4; lastKnownFileType = sourcecode.swift; path = VehicleListCell.swift; sourceTree = "<group>"; };
		04F8AF371B87E103007C632D /* GarageVC-TableView.swift */ = {isa = PBXFileReference; fileEncoding = 4; lastKnownFileType = sourcecode.swift; path = "GarageVC-TableView.swift"; sourceTree = "<group>"; };
		04F8AF391B87E369007C632D /* GarageVC-CoreData.swift */ = {isa = PBXFileReference; fileEncoding = 4; lastKnownFileType = sourcecode.swift; path = "GarageVC-CoreData.swift"; sourceTree = "<group>"; };
		04F8AF3B1B87E73F007C632D /* CoreDataStackManager.swift */ = {isa = PBXFileReference; fileEncoding = 4; lastKnownFileType = sourcecode.swift; path = CoreDataStackManager.swift; sourceTree = "<group>"; };
/* End PBXFileReference section */

/* Begin PBXFrameworksBuildPhase section */
		048A97B81B8143E200E3F263 /* Frameworks */ = {
			isa = PBXFrameworksBuildPhase;
			buildActionMask = 2147483647;
			files = (
			);
			runOnlyForDeploymentPostprocessing = 0;
		};
		048A97D01B8143E300E3F263 /* Frameworks */ = {
			isa = PBXFrameworksBuildPhase;
			buildActionMask = 2147483647;
			files = (
			);
			runOnlyForDeploymentPostprocessing = 0;
		};
/* End PBXFrameworksBuildPhase section */

/* Begin PBXGroup section */
		043D0D9F1B86EC50005122BC /* Spring */ = {
			isa = PBXGroup;
			children = (
				043D0DA01B86EC50005122BC /* AsyncButton.swift */,
				043D0DA11B86EC50005122BC /* AsyncImageView.swift */,
				043D0DA21B86EC50005122BC /* AutoTextView.swift */,
				043D0DA31B86EC50005122BC /* BlurView.swift */,
				043D0DA41B86EC50005122BC /* DesignableButton.swift */,
				043D0DA51B86EC50005122BC /* DesignableImageView.swift */,
				043D0DA61B86EC50005122BC /* DesignableLabel.swift */,
				043D0DA71B86EC50005122BC /* DesignableTabBarController.swift */,
				043D0DA81B86EC50005122BC /* DesignableTextField.swift */,
				043D0DA91B86EC50005122BC /* DesignableTextView.swift */,
				043D0DAA1B86EC50005122BC /* DesignableView.swift */,
				043D0DAB1B86EC50005122BC /* ImageLoader.swift */,
				043D0DAC1B86EC50005122BC /* Info.plist */,
				043D0DAD1B86EC50005122BC /* KeyboardLayoutConstraint.swift */,
				043D0DAE1B86EC50005122BC /* LoadingView.swift */,
				043D0DAF1B86EC50005122BC /* LoadingView.xib */,
				043D0DB01B86EC50005122BC /* Misc.swift */,
				043D0DB11B86EC50005122BC /* SoundPlayer.swift */,
				043D0DB21B86EC50005122BC /* Spring.h */,
				043D0DB31B86EC50005122BC /* Spring.swift */,
				043D0DB41B86EC50005122BC /* SpringAnimation.swift */,
				043D0DB51B86EC50005122BC /* SpringButton.swift */,
				043D0DB61B86EC50005122BC /* SpringImageView.swift */,
				043D0DB71B86EC50005122BC /* SpringLabel.swift */,
				043D0DB81B86EC50005122BC /* SpringTextField.swift */,
				043D0DB91B86EC50005122BC /* SpringTextView.swift */,
				043D0DBA1B86EC50005122BC /* SpringView.swift */,
				043D0DBB1B86EC50005122BC /* TransitionManager.swift */,
				043D0DBC1B86EC50005122BC /* TransitionZoom.swift */,
				043D0DBD1B86EC50005122BC /* UnwindSegue.swift */,
			);
			path = Spring;
			sourceTree = "<group>";
		};
		044CD1301B9EB2CD00B430CA /* VehicleDetailViewController */ = {
			isa = PBXGroup;
			children = (
				044CD1311B9EB2F800B430CA /* VehicleDetailViewController.swift */,
				040281001BA545C10004563C /* VehicleDetailVC-Ext.swift */,
				040280FE1BA544400004563C /* OdometerEntryViewController.swift */,
				04278D361BA7FB8C00862B66 /* NicknameEntryViewController.swift */,
			);
			name = VehicleDetailViewController;
			sourceTree = "<group>";
		};
		044F5F6D1BB0E49A00622FEB /* PhotoGalleryViewController */ = {
			isa = PBXGroup;
			children = (
				044F5F6E1BB0E4B400622FEB /* PhotoGalleryViewController.swift */,
				044F5F701BB0E4FA00622FEB /* PhotoGalleryVC-CollectionView.swift */,
				044F5F741BB0ED8800622FEB /* PhotoVC-Utility.swift */,
				044F5F761BB115D200622FEB /* PhotoGalleryVC-CoreData.swift */,
				049E96371BB37F2A00D0CE3A /* PhotoGalleryVC-Images.swift */,
			);
			name = PhotoGalleryViewController;
			sourceTree = "<group>";
		};
		0478CFAF1B953D6400F39D6D /* Clients */ = {
			isa = PBXGroup;
			children = (
				0478CFB01B953D7300F39D6D /* Edmunds */,
				0478CFB11B953D7D00F39D6D /* Flickr */,
			);
			name = Clients;
			sourceTree = "<group>";
		};
		0478CFB01B953D7300F39D6D /* Edmunds */ = {
			isa = PBXGroup;
			children = (
				0478CFB41B9540E900F39D6D /* EdmundsClient.swift */,
				0478CFB61B95789700F39D6D /* EdmundsConstants.swift */,
			);
			name = Edmunds;
			sourceTree = "<group>";
		};
		0478CFB11B953D7D00F39D6D /* Flickr */ = {
			isa = PBXGroup;
			children = (
				04278D341BA7AC1E00862B66 /* FlickrClient.swift */,
				04278D321BA7ABFB00862B66 /* FlickrConstants.swift */,
			);
			name = Flickr;
			sourceTree = "<group>";
		};
		048A97B21B8143E200E3F263 = {
			isa = PBXGroup;
			children = (
				0478CFAF1B953D6400F39D6D /* Clients */,
				043D0D9F1B86EC50005122BC /* Spring */,
				048A97BD1B8143E200E3F263 /* MiGarage */,
				048A97D61B8143E300E3F263 /* MiGarageTests */,
				048A97BC1B8143E200E3F263 /* Products */,
			);
			sourceTree = "<group>";
		};
		048A97BC1B8143E200E3F263 /* Products */ = {
			isa = PBXGroup;
			children = (
				048A97BB1B8143E200E3F263 /* MiGarage.app */,
				048A97D31B8143E300E3F263 /* MiGarageTests.xctest */,
			);
			name = Products;
			sourceTree = "<group>";
		};
		048A97BD1B8143E200E3F263 /* MiGarage */ = {
			isa = PBXGroup;
			children = (
				0493E5011BBCB723007B5E80 /* OperationQueueManager.swift */,
				048A97C01B8143E200E3F263 /* AppDelegate.swift */,
				04F8AF3B1B87E73F007C632D /* CoreDataStackManager.swift */,
				04D001411B87F10700F0393A /* MiGarageUtility.swift */,
				0478CFB81B957F5C00F39D6D /* MiGarageError.swift */,
				0417EB791BAE842E00363EF0 /* DocumentsDirManager.swift */,
				04E824F61B85589C0014A081 /* Model */,
				04E824F71B8558A20014A081 /* View */,
				04E824F81B8558AB0014A081 /* Controller */,
				048A97CA1B8143E200E3F263 /* Images.xcassets */,
				048A97BE1B8143E200E3F263 /* Supporting Files */,
			);
			path = MiGarage;
			sourceTree = "<group>";
		};
		048A97BE1B8143E200E3F263 /* Supporting Files */ = {
			isa = PBXGroup;
			children = (
				048A97C71B8143E200E3F263 /* Main.storyboard */,
				048A97CC1B8143E200E3F263 /* LaunchScreen.xib */,
				048A97BF1B8143E200E3F263 /* Info.plist */,
			);
			name = "Supporting Files";
			sourceTree = "<group>";
		};
		048A97D61B8143E300E3F263 /* MiGarageTests */ = {
			isa = PBXGroup;
			children = (
				048A97D91B8143E300E3F263 /* MiGarageTests.swift */,
				048A97D71B8143E300E3F263 /* Supporting Files */,
			);
			path = MiGarageTests;
			sourceTree = "<group>";
		};
		048A97D71B8143E300E3F263 /* Supporting Files */ = {
			isa = PBXGroup;
			children = (
				048A97D81B8143E300E3F263 /* Info.plist */,
			);
			name = "Supporting Files";
			sourceTree = "<group>";
		};
		049E96391BB3C3DF00D0CE3A /* PhotoDetailViewController */ = {
			isa = PBXGroup;
			children = (
				049E963A1BB3C40100D0CE3A /* PhotoDetailViewController.swift */,
			);
			name = PhotoDetailViewController;
			sourceTree = "<group>";
		};
		04D001451B8821AA00F0393A /* AddVehicleViewController */ = {
			isa = PBXGroup;
			children = (
				04D001461B88251F00F0393A /* AddVehicleViewController.swift */,
				04D001481B8825D800F0393A /* AddVehicleVC-TableView.swift */,
				04D001501B88468200F0393A /* AddVehicleVC-Utility.swift */,
				048591751B93C7A00011AE33 /* AddVehicleVC-PopupView.swift */,
			);
			name = AddVehicleViewController;
			sourceTree = "<group>";
		};
		04D0014A1B88429400F0393A /* AddVehicleMenuViewController */ = {
			isa = PBXGroup;
			children = (
				04D0014B1B8842BE00F0393A /* AddVehicleMenuViewController.swift */,
				04D0014E1B88436F00F0393A /* AddVehicleMenuVC-TableView.swift */,
			);
			name = AddVehicleMenuViewController;
			sourceTree = "<group>";
		};
		04D001521B884CD400F0393A /* AddVehicleTextViewController */ = {
			isa = PBXGroup;
			children = (
				04D001531B884CFE00F0393A /* AddVehicleTextViewController.swift */,
			);
			name = AddVehicleTextViewController;
			sourceTree = "<group>";
		};
		04E12FD31BB8918500CCF215 /* FlickrGalleryViewController */ = {
			isa = PBXGroup;
			children = (
				045D73171BB9144F00507982 /* FlickrGalleryViewController.swift */,
				045D731B1BB9233E00507982 /* FlickrGalleryVC-CollectionView.swift */,
				0493E4FD1BBCB07C007B5E80 /* FlickrGalleryVC-Utility.swift */,
				0493E4FF1BBCB2B1007B5E80 /* FlickrGalleryImageDownloader.swift */,
			);
			name = FlickrGalleryViewController;
			sourceTree = "<group>";
		};
		04E824F61B85589C0014A081 /* Model */ = {
			isa = PBXGroup;
			children = (
				048A97C21B8143E200E3F263 /* MiGarage.xcdatamodeld */,
				04D001431B87F45E00F0393A /* Vehicle.swift */,
				0417EB771BAE832800363EF0 /* VehiclePhoto.swift */,
			);
			name = Model;
			sourceTree = "<group>";
		};
		04E824F71B8558A20014A081 /* View */ = {
			isa = PBXGroup;
			children = (
				04F8AF341B87DDE7007C632D /* VehicleListCell.swift */,
				04D001551B8854E200F0393A /* VehicleTextCell.swift */,
				047296DA1B9CF57C0058ABFF /* UIView-Animations.swift */,
				044F5F721BB0EB4800622FEB /* VehiclePhotoCell.swift */,
				045D73191BB9170200507982 /* FlickrGalleryCell.swift */,
			);
			name = View;
			sourceTree = "<group>";
		};
		04E824F81B8558AB0014A081 /* Controller */ = {
			isa = PBXGroup;
			children = (
				04F8AF361B87DF98007C632D /* GarageViewController */,
				04D001451B8821AA00F0393A /* AddVehicleViewController */,
				04D0014A1B88429400F0393A /* AddVehicleMenuViewController */,
				04D001521B884CD400F0393A /* AddVehicleTextViewController */,
				044CD1301B9EB2CD00B430CA /* VehicleDetailViewController */,
				044F5F6D1BB0E49A00622FEB /* PhotoGalleryViewController */,
				049E96391BB3C3DF00D0CE3A /* PhotoDetailViewController */,
				04E12FD31BB8918500CCF215 /* FlickrGalleryViewController */,
			);
			name = Controller;
			sourceTree = "<group>";
		};
		04F8AF361B87DF98007C632D /* GarageViewController */ = {
			isa = PBXGroup;
			children = (
				048A97C51B8143E200E3F263 /* GarageViewController.swift */,
				04F8AF371B87E103007C632D /* GarageVC-TableView.swift */,
				04F8AF391B87E369007C632D /* GarageVC-CoreData.swift */,
			);
			name = GarageViewController;
			sourceTree = "<group>";
		};
/* End PBXGroup section */

/* Begin PBXNativeTarget section */
		048A97BA1B8143E200E3F263 /* MiGarage */ = {
			isa = PBXNativeTarget;
			buildConfigurationList = 048A97DD1B8143E300E3F263 /* Build configuration list for PBXNativeTarget "MiGarage" */;
			buildPhases = (
				048A97B71B8143E200E3F263 /* Sources */,
				048A97B81B8143E200E3F263 /* Frameworks */,
				048A97B91B8143E200E3F263 /* Resources */,
			);
			buildRules = (
			);
			dependencies = (
			);
			name = MiGarage;
			productName = MiGarage;
			productReference = 048A97BB1B8143E200E3F263 /* MiGarage.app */;
			productType = "com.apple.product-type.application";
		};
		048A97D21B8143E300E3F263 /* MiGarageTests */ = {
			isa = PBXNativeTarget;
			buildConfigurationList = 048A97E01B8143E300E3F263 /* Build configuration list for PBXNativeTarget "MiGarageTests" */;
			buildPhases = (
				048A97CF1B8143E300E3F263 /* Sources */,
				048A97D01B8143E300E3F263 /* Frameworks */,
				048A97D11B8143E300E3F263 /* Resources */,
			);
			buildRules = (
			);
			dependencies = (
				048A97D51B8143E300E3F263 /* PBXTargetDependency */,
			);
			name = MiGarageTests;
			productName = MiGarageTests;
			productReference = 048A97D31B8143E300E3F263 /* MiGarageTests.xctest */;
			productType = "com.apple.product-type.bundle.unit-test";
		};
/* End PBXNativeTarget section */

/* Begin PBXProject section */
		048A97B31B8143E200E3F263 /* Project object */ = {
			isa = PBXProject;
			attributes = {
				LastUpgradeCheck = 0630;
				ORGANIZATIONNAME = "Che-Chuen Ho";
				TargetAttributes = {
					048A97BA1B8143E200E3F263 = {
						CreatedOnToolsVersion = 6.3.2;
					};
					048A97D21B8143E300E3F263 = {
						CreatedOnToolsVersion = 6.3.2;
						TestTargetID = 048A97BA1B8143E200E3F263;
					};
				};
			};
			buildConfigurationList = 048A97B61B8143E200E3F263 /* Build configuration list for PBXProject "MiGarage" */;
			compatibilityVersion = "Xcode 3.2";
			developmentRegion = English;
			hasScannedForEncodings = 0;
			knownRegions = (
				en,
				Base,
			);
			mainGroup = 048A97B21B8143E200E3F263;
			productRefGroup = 048A97BC1B8143E200E3F263 /* Products */;
			projectDirPath = "";
			projectRoot = "";
			targets = (
				048A97BA1B8143E200E3F263 /* MiGarage */,
				048A97D21B8143E300E3F263 /* MiGarageTests */,
			);
		};
/* End PBXProject section */

/* Begin PBXResourcesBuildPhase section */
		048A97B91B8143E200E3F263 /* Resources */ = {
			isa = PBXResourcesBuildPhase;
			buildActionMask = 2147483647;
			files = (
				043D0DCA1B86EC50005122BC /* Info.plist in Resources */,
				048A97C91B8143E200E3F263 /* Main.storyboard in Resources */,
				048A97CE1B8143E200E3F263 /* LaunchScreen.xib in Resources */,
				048A97CB1B8143E200E3F263 /* Images.xcassets in Resources */,
				043D0DCD1B86EC50005122BC /* LoadingView.xib in Resources */,
			);
			runOnlyForDeploymentPostprocessing = 0;
		};
		048A97D11B8143E300E3F263 /* Resources */ = {
			isa = PBXResourcesBuildPhase;
			buildActionMask = 2147483647;
			files = (
			);
			runOnlyForDeploymentPostprocessing = 0;
		};
/* End PBXResourcesBuildPhase section */

/* Begin PBXSourcesBuildPhase section */
		048A97B71B8143E200E3F263 /* Sources */ = {
			isa = PBXSourcesBuildPhase;
			buildActionMask = 2147483647;
			files = (
				040281011BA545C10004563C /* VehicleDetailVC-Ext.swift in Sources */,
				0417EB781BAE832800363EF0 /* VehiclePhoto.swift in Sources */,
				0478CFB91B957F5C00F39D6D /* MiGarageError.swift in Sources */,
				04D001441B87F45E00F0393A /* Vehicle.swift in Sources */,
				04F8AF351B87DDE7007C632D /* VehicleListCell.swift in Sources */,
				043D0DC41B86EC50005122BC /* DesignableLabel.swift in Sources */,
				04F8AF3A1B87E369007C632D /* GarageVC-CoreData.swift in Sources */,
				04F8AF3C1B87E73F007C632D /* CoreDataStackManager.swift in Sources */,
				044F5F731BB0EB4800622FEB /* VehiclePhotoCell.swift in Sources */,
				0417EB7A1BAE842E00363EF0 /* DocumentsDirManager.swift in Sources */,
				043D0DD31B86EC50005122BC /* SpringImageView.swift in Sources */,
				04278D331BA7ABFB00862B66 /* FlickrConstants.swift in Sources */,
				04F8AF381B87E103007C632D /* GarageVC-TableView.swift in Sources */,
				043D0DC01B86EC50005122BC /* AutoTextView.swift in Sources */,
				044F5F711BB0E4FA00622FEB /* PhotoGalleryVC-CollectionView.swift in Sources */,
				043D0DC91B86EC50005122BC /* ImageLoader.swift in Sources */,
				043D0DCE1B86EC50005122BC /* Misc.swift in Sources */,
				043D0DC11B86EC50005122BC /* BlurView.swift in Sources */,
				043D0DDA1B86EC50005122BC /* UnwindSegue.swift in Sources */,
				04D001541B884CFE00F0393A /* AddVehicleTextViewController.swift in Sources */,
				044CD1321B9EB2F800B430CA /* VehicleDetailViewController.swift in Sources */,
				04278D371BA7FB8C00862B66 /* NicknameEntryViewController.swift in Sources */,
				043D0DCC1B86EC50005122BC /* LoadingView.swift in Sources */,
				043D0DD51B86EC50005122BC /* SpringTextField.swift in Sources */,
				049E963B1BB3C40100D0CE3A /* PhotoDetailViewController.swift in Sources */,
				044F5F771BB115D200622FEB /* PhotoGalleryVC-CoreData.swift in Sources */,
				043D0DD01B86EC50005122BC /* Spring.swift in Sources */,
				048A97C61B8143E200E3F263 /* GarageViewController.swift in Sources */,
				048591761B93C7A00011AE33 /* AddVehicleVC-PopupView.swift in Sources */,
				043D0DCF1B86EC50005122BC /* SoundPlayer.swift in Sources */,
				0478CFB51B9540E900F39D6D /* EdmundsClient.swift in Sources */,
				04278D351BA7AC1E00862B66 /* FlickrClient.swift in Sources */,
				0493E5021BBCB723007B5E80 /* OperationQueueManager.swift in Sources */,
				04D001491B8825D800F0393A /* AddVehicleVC-TableView.swift in Sources */,
				043D0DC81B86EC50005122BC /* DesignableView.swift in Sources */,
				043D0DC51B86EC50005122BC /* DesignableTabBarController.swift in Sources */,
				04D0014F1B88436F00F0393A /* AddVehicleMenuVC-TableView.swift in Sources */,
				043D0DC21B86EC50005122BC /* DesignableButton.swift in Sources */,
				048A97C41B8143E200E3F263 /* MiGarage.xcdatamodeld in Sources */,
				0478CFB71B95789700F39D6D /* EdmundsConstants.swift in Sources */,
				04D0014C1B8842BE00F0393A /* AddVehicleMenuViewController.swift in Sources */,
				040280FF1BA544400004563C /* OdometerEntryViewController.swift in Sources */,
				043D0DD91B86EC50005122BC /* TransitionZoom.swift in Sources */,
				044F5F751BB0ED8800622FEB /* PhotoVC-Utility.swift in Sources */,
				043D0DC61B86EC50005122BC /* DesignableTextField.swift in Sources */,
				04D001421B87F10700F0393A /* MiGarageUtility.swift in Sources */,
				049E96381BB37F2A00D0CE3A /* PhotoGalleryVC-Images.swift in Sources */,
				043D0DD81B86EC50005122BC /* TransitionManager.swift in Sources */,
				043D0DD41B86EC50005122BC /* SpringLabel.swift in Sources */,
				04D001511B88468200F0393A /* AddVehicleVC-Utility.swift in Sources */,
				043D0DBE1B86EC50005122BC /* AsyncButton.swift in Sources */,
				0493E5001BBCB2B1007B5E80 /* FlickrGalleryImageDownloader.swift in Sources */,
				045D73181BB9144F00507982 /* FlickrGalleryViewController.swift in Sources */,
				047296DB1B9CF57C0058ABFF /* UIView-Animations.swift in Sources */,
				04D001471B88251F00F0393A /* AddVehicleViewController.swift in Sources */,
				045D731A1BB9170200507982 /* FlickrGalleryCell.swift in Sources */,
				043D0DBF1B86EC50005122BC /* AsyncImageView.swift in Sources */,
				043D0DC71B86EC50005122BC /* DesignableTextView.swift in Sources */,
				04D001561B8854E200F0393A /* VehicleTextCell.swift in Sources */,
				043D0DD71B86EC50005122BC /* SpringView.swift in Sources */,
				043D0DD61B86EC50005122BC /* SpringTextView.swift in Sources */,
				043D0DCB1B86EC50005122BC /* KeyboardLayoutConstraint.swift in Sources */,
				0493E4FE1BBCB07C007B5E80 /* FlickrGalleryVC-Utility.swift in Sources */,
				044F5F6F1BB0E4B400622FEB /* PhotoGalleryViewController.swift in Sources */,
				045D731C1BB9233E00507982 /* FlickrGalleryVC-CollectionView.swift in Sources */,
				043D0DD21B86EC50005122BC /* SpringButton.swift in Sources */,
				043D0DD11B86EC50005122BC /* SpringAnimation.swift in Sources */,
				043D0DC31B86EC50005122BC /* DesignableImageView.swift in Sources */,
				048A97C11B8143E200E3F263 /* AppDelegate.swift in Sources */,
			);
			runOnlyForDeploymentPostprocessing = 0;
		};
		048A97CF1B8143E300E3F263 /* Sources */ = {
			isa = PBXSourcesBuildPhase;
			buildActionMask = 2147483647;
			files = (
				048A97DA1B8143E300E3F263 /* MiGarageTests.swift in Sources */,
			);
			runOnlyForDeploymentPostprocessing = 0;
		};
/* End PBXSourcesBuildPhase section */

/* Begin PBXTargetDependency section */
		048A97D51B8143E300E3F263 /* PBXTargetDependency */ = {
			isa = PBXTargetDependency;
			target = 048A97BA1B8143E200E3F263 /* MiGarage */;
			targetProxy = 048A97D41B8143E300E3F263 /* PBXContainerItemProxy */;
		};
/* End PBXTargetDependency section */

/* Begin PBXVariantGroup section */
		048A97C71B8143E200E3F263 /* Main.storyboard */ = {
			isa = PBXVariantGroup;
			children = (
				048A97C81B8143E200E3F263 /* Base */,
			);
			name = Main.storyboard;
			sourceTree = "<group>";
		};
		048A97CC1B8143E200E3F263 /* LaunchScreen.xib */ = {
			isa = PBXVariantGroup;
			children = (
				048A97CD1B8143E200E3F263 /* Base */,
			);
			name = LaunchScreen.xib;
			sourceTree = "<group>";
		};
/* End PBXVariantGroup section */

/* Begin XCBuildConfiguration section */
		048A97DB1B8143E300E3F263 /* Debug */ = {
			isa = XCBuildConfiguration;
			buildSettings = {
				ALWAYS_SEARCH_USER_PATHS = NO;
				CLANG_CXX_LANGUAGE_STANDARD = "gnu++0x";
				CLANG_CXX_LIBRARY = "libc++";
				CLANG_ENABLE_MODULES = YES;
				CLANG_ENABLE_OBJC_ARC = YES;
				CLANG_WARN_BOOL_CONVERSION = YES;
				CLANG_WARN_CONSTANT_CONVERSION = YES;
				CLANG_WARN_DIRECT_OBJC_ISA_USAGE = YES_ERROR;
				CLANG_WARN_EMPTY_BODY = YES;
				CLANG_WARN_ENUM_CONVERSION = YES;
				CLANG_WARN_INT_CONVERSION = YES;
				CLANG_WARN_OBJC_ROOT_CLASS = YES_ERROR;
				CLANG_WARN_UNREACHABLE_CODE = YES;
				CLANG_WARN__DUPLICATE_METHOD_MATCH = YES;
				"CODE_SIGN_IDENTITY[sdk=iphoneos*]" = "iPhone Developer";
				COPY_PHASE_STRIP = NO;
				DEBUG_INFORMATION_FORMAT = "dwarf-with-dsym";
				ENABLE_STRICT_OBJC_MSGSEND = YES;
				GCC_C_LANGUAGE_STANDARD = gnu99;
				GCC_DYNAMIC_NO_PIC = NO;
				GCC_NO_COMMON_BLOCKS = YES;
				GCC_OPTIMIZATION_LEVEL = 0;
				GCC_PREPROCESSOR_DEFINITIONS = (
					"DEBUG=1",
					"$(inherited)",
				);
				GCC_SYMBOLS_PRIVATE_EXTERN = NO;
				GCC_WARN_64_TO_32_BIT_CONVERSION = YES;
				GCC_WARN_ABOUT_RETURN_TYPE = YES_ERROR;
				GCC_WARN_UNDECLARED_SELECTOR = YES;
				GCC_WARN_UNINITIALIZED_AUTOS = YES_AGGRESSIVE;
				GCC_WARN_UNUSED_FUNCTION = YES;
				GCC_WARN_UNUSED_VARIABLE = YES;
				IPHONEOS_DEPLOYMENT_TARGET = 8.3;
				MTL_ENABLE_DEBUG_INFO = YES;
				ONLY_ACTIVE_ARCH = YES;
				SDKROOT = iphoneos;
				SWIFT_OPTIMIZATION_LEVEL = "-Onone";
			};
			name = Debug;
		};
		048A97DC1B8143E300E3F263 /* Release */ = {
			isa = XCBuildConfiguration;
			buildSettings = {
				ALWAYS_SEARCH_USER_PATHS = NO;
				CLANG_CXX_LANGUAGE_STANDARD = "gnu++0x";
				CLANG_CXX_LIBRARY = "libc++";
				CLANG_ENABLE_MODULES = YES;
				CLANG_ENABLE_OBJC_ARC = YES;
				CLANG_WARN_BOOL_CONVERSION = YES;
				CLANG_WARN_CONSTANT_CONVERSION = YES;
				CLANG_WARN_DIRECT_OBJC_ISA_USAGE = YES_ERROR;
				CLANG_WARN_EMPTY_BODY = YES;
				CLANG_WARN_ENUM_CONVERSION = YES;
				CLANG_WARN_INT_CONVERSION = YES;
				CLANG_WARN_OBJC_ROOT_CLASS = YES_ERROR;
				CLANG_WARN_UNREACHABLE_CODE = YES;
				CLANG_WARN__DUPLICATE_METHOD_MATCH = YES;
				"CODE_SIGN_IDENTITY[sdk=iphoneos*]" = "iPhone Developer";
				COPY_PHASE_STRIP = NO;
				DEBUG_INFORMATION_FORMAT = "dwarf-with-dsym";
				ENABLE_NS_ASSERTIONS = NO;
				ENABLE_STRICT_OBJC_MSGSEND = YES;
				GCC_C_LANGUAGE_STANDARD = gnu99;
				GCC_NO_COMMON_BLOCKS = YES;
				GCC_WARN_64_TO_32_BIT_CONVERSION = YES;
				GCC_WARN_ABOUT_RETURN_TYPE = YES_ERROR;
				GCC_WARN_UNDECLARED_SELECTOR = YES;
				GCC_WARN_UNINITIALIZED_AUTOS = YES_AGGRESSIVE;
				GCC_WARN_UNUSED_FUNCTION = YES;
				GCC_WARN_UNUSED_VARIABLE = YES;
				IPHONEOS_DEPLOYMENT_TARGET = 8.3;
				MTL_ENABLE_DEBUG_INFO = NO;
				SDKROOT = iphoneos;
				VALIDATE_PRODUCT = YES;
			};
			name = Release;
		};
		048A97DE1B8143E300E3F263 /* Debug */ = {
			isa = XCBuildConfiguration;
			buildSettings = {
				ASSETCATALOG_COMPILER_APPICON_NAME = AppIcon;
				INFOPLIST_FILE = MiGarage/Info.plist;
				LD_RUNPATH_SEARCH_PATHS = "$(inherited) @executable_path/Frameworks";
				PRODUCT_NAME = "$(TARGET_NAME)";
			};
			name = Debug;
		};
		048A97DF1B8143E300E3F263 /* Release */ = {
			isa = XCBuildConfiguration;
			buildSettings = {
				ASSETCATALOG_COMPILER_APPICON_NAME = AppIcon;
				INFOPLIST_FILE = MiGarage/Info.plist;
				LD_RUNPATH_SEARCH_PATHS = "$(inherited) @executable_path/Frameworks";
				PRODUCT_NAME = "$(TARGET_NAME)";
			};
			name = Release;
		};
		048A97E11B8143E300E3F263 /* Debug */ = {
			isa = XCBuildConfiguration;
			buildSettings = {
				BUNDLE_LOADER = "$(TEST_HOST)";
				FRAMEWORK_SEARCH_PATHS = (
					"$(SDKROOT)/Developer/Library/Frameworks",
					"$(inherited)",
				);
				GCC_PREPROCESSOR_DEFINITIONS = (
					"DEBUG=1",
					"$(inherited)",
				);
				INFOPLIST_FILE = MiGarageTests/Info.plist;
				LD_RUNPATH_SEARCH_PATHS = "$(inherited) @executable_path/Frameworks @loader_path/Frameworks";
				PRODUCT_NAME = "$(TARGET_NAME)";
				TEST_HOST = "$(BUILT_PRODUCTS_DIR)/MiGarage.app/MiGarage";
			};
			name = Debug;
		};
		048A97E21B8143E300E3F263 /* Release */ = {
			isa = XCBuildConfiguration;
			buildSettings = {
				BUNDLE_LOADER = "$(TEST_HOST)";
				FRAMEWORK_SEARCH_PATHS = (
					"$(SDKROOT)/Developer/Library/Frameworks",
					"$(inherited)",
				);
				INFOPLIST_FILE = MiGarageTests/Info.plist;
				LD_RUNPATH_SEARCH_PATHS = "$(inherited) @executable_path/Frameworks @loader_path/Frameworks";
				PRODUCT_NAME = "$(TARGET_NAME)";
				TEST_HOST = "$(BUILT_PRODUCTS_DIR)/MiGarage.app/MiGarage";
			};
			name = Release;
		};
/* End XCBuildConfiguration section */

/* Begin XCConfigurationList section */
		048A97B61B8143E200E3F263 /* Build configuration list for PBXProject "MiGarage" */ = {
			isa = XCConfigurationList;
			buildConfigurations = (
				048A97DB1B8143E300E3F263 /* Debug */,
				048A97DC1B8143E300E3F263 /* Release */,
			);
			defaultConfigurationIsVisible = 0;
			defaultConfigurationName = Release;
		};
		048A97DD1B8143E300E3F263 /* Build configuration list for PBXNativeTarget "MiGarage" */ = {
			isa = XCConfigurationList;
			buildConfigurations = (
				048A97DE1B8143E300E3F263 /* Debug */,
				048A97DF1B8143E300E3F263 /* Release */,
			);
			defaultConfigurationIsVisible = 0;
			defaultConfigurationName = Release;
		};
		048A97E01B8143E300E3F263 /* Build configuration list for PBXNativeTarget "MiGarageTests" */ = {
			isa = XCConfigurationList;
			buildConfigurations = (
				048A97E11B8143E300E3F263 /* Debug */,
				048A97E21B8143E300E3F263 /* Release */,
			);
			defaultConfigurationIsVisible = 0;
			defaultConfigurationName = Release;
		};
/* End XCConfigurationList section */

/* Begin XCVersionGroup section */
		048A97C21B8143E200E3F263 /* MiGarage.xcdatamodeld */ = {
			isa = XCVersionGroup;
			children = (
				048A97C31B8143E200E3F263 /* MiGarage.xcdatamodel */,
			);
			currentVersion = 048A97C31B8143E200E3F263 /* MiGarage.xcdatamodel */;
			path = MiGarage.xcdatamodeld;
			sourceTree = "<group>";
			versionGroupType = wrapper.xcdatamodel;
		};
/* End XCVersionGroup section */
	};
	rootObject = 048A97B31B8143E200E3F263 /* Project object */;
}
