// !$*UTF8*$!
{
	archiveVersion = 1;
	classes = {
	};
	objectVersion = 46;
	objects = {

/* Begin PBXBuildFile section */
		048A97C11B8143E200E3F263 /* AppDelegate.swift in Sources */ = {isa = PBXBuildFile; fileRef = 048A97C01B8143E200E3F263 /* AppDelegate.swift */; };
		048A97C41B8143E200E3F263 /* MiGarage.xcdatamodeld in Sources */ = {isa = PBXBuildFile; fileRef = 048A97C21B8143E200E3F263 /* MiGarage.xcdatamodeld */; };
		048A97C61B8143E200E3F263 /* ViewController.swift in Sources */ = {isa = PBXBuildFile; fileRef = 048A97C51B8143E200E3F263 /* ViewController.swift */; };
		048A97C91B8143E200E3F263 /* Main.storyboard in Resources */ = {isa = PBXBuildFile; fileRef = 048A97C71B8143E200E3F263 /* Main.storyboard */; };
		048A97CB1B8143E200E3F263 /* Images.xcassets in Resources */ = {isa = PBXBuildFile; fileRef = 048A97CA1B8143E200E3F263 /* Images.xcassets */; };
		048A97CE1B8143E200E3F263 /* LaunchScreen.xib in Resources */ = {isa = PBXBuildFile; fileRef = 048A97CC1B8143E200E3F263 /* LaunchScreen.xib */; };
		048A97DA1B8143E300E3F263 /* MiGarageTests.swift in Sources */ = {isa = PBXBuildFile; fileRef = 048A97D91B8143E300E3F263 /* MiGarageTests.swift */; };
/* End PBXBuildFile section */

/* Begin PBXContainerItemProxy section */
		048A97D41B8143E300E3F263 /* PBXContainerItemProxy */ = {
			isa = PBXContainerItemProxy;
			containerPortal = 048A97B31B8143E200E3F263 /* Project object */;
			proxyType = 1;
			remoteGlobalIDString = 048A97BA1B8143E200E3F263;
			remoteInfo = MiGarage;
		};
/* End PBXContainerItemProxy section */

/* Begin PBXFileReference section */
		048A97BB1B8143E200E3F263 /* MiGarage.app */ = {isa = PBXFileReference; explicitFileType = wrapper.application; includeInIndex = 0; path = MiGarage.app; sourceTree = BUILT_PRODUCTS_DIR; };
		048A97BF1B8143E200E3F263 /* Info.plist */ = {isa = PBXFileReference; lastKnownFileType = text.plist.xml; path = Info.plist; sourceTree = "<group>"; };
		048A97C01B8143E200E3F263 /* AppDelegate.swift */ = {isa = PBXFileReference; lastKnownFileType = sourcecode.swift; path = AppDelegate.swift; sourceTree = "<group>"; };
		048A97C31B8143E200E3F263 /* MiGarage.xcdatamodel */ = {isa = PBXFileReference; lastKnownFileType = wrapper.xcdatamodel; path = MiGarage.xcdatamodel; sourceTree = "<group>"; };
		048A97C51B8143E200E3F263 /* ViewController.swift */ = {isa = PBXFileReference; lastKnownFileType = sourcecode.swift; path = ViewController.swift; sourceTree = "<group>"; };
		048A97C81B8143E200E3F263 /* Base */ = {isa = PBXFileReference; lastKnownFileType = file.storyboard; name = Base; path = Base.lproj/Main.storyboard; sourceTree = "<group>"; };
		048A97CA1B8143E200E3F263 /* Images.xcassets */ = {isa = PBXFileReference; lastKnownFileType = folder.assetcatalog; path = Images.xcassets; sourceTree = "<group>"; };
		048A97CD1B8143E200E3F263 /* Base */ = {isa = PBXFileReference; lastKnownFileType = file.xib; name = Base; path = Base.lproj/LaunchScreen.xib; sourceTree = "<group>"; };
		048A97D31B8143E300E3F263 /* MiGarageTests.xctest */ = {isa = PBXFileReference; explicitFileType = wrapper.cfbundle; includeInIndex = 0; path = MiGarageTests.xctest; sourceTree = BUILT_PRODUCTS_DIR; };
		048A97D81B8143E300E3F263 /* Info.plist */ = {isa = PBXFileReference; lastKnownFileType = text.plist.xml; path = Info.plist; sourceTree = "<group>"; };
		048A97D91B8143E300E3F263 /* MiGarageTests.swift */ = {isa = PBXFileReference; lastKnownFileType = sourcecode.swift; path = MiGarageTests.swift; sourceTree = "<group>"; };
/* End PBXFileReference section */

/* Begin PBXFrameworksBuildPhase section */
		048A97B81B8143E200E3F263 /* Frameworks */ = {
			isa = PBXFrameworksBuildPhase;
			buildActionMask = 2147483647;
			files = (
			);
			runOnlyForDeploymentPostprocessing = 0;
		};
		048A97D01B8143E300E3F263 /* Frameworks */ = {
			isa = PBXFrameworksBuildPhase;
			buildActionMask = 2147483647;
			files = (
			);
			runOnlyForDeploymentPostprocessing = 0;
		};
/* End PBXFrameworksBuildPhase section */

/* Begin PBXGroup section */
		048A97B21B8143E200E3F263 = {
			isa = PBXGroup;
			children = (
				048A97BD1B8143E200E3F263 /* MiGarage */,
				048A97D61B8143E300E3F263 /* MiGarageTests */,
				048A97BC1B8143E200E3F263 /* Products */,
			);
			sourceTree = "<group>";
		};
		048A97BC1B8143E200E3F263 /* Products */ = {
			isa = PBXGroup;
			children = (
				048A97BB1B8143E200E3F263 /* MiGarage.app */,
				048A97D31B8143E300E3F263 /* MiGarageTests.xctest */,
			);
			name = Products;
			sourceTree = "<group>";
		};
		048A97BD1B8143E200E3F263 /* MiGarage */ = {
			isa = PBXGroup;
			children = (
				048A97C01B8143E200E3F263 /* AppDelegate.swift */,
				048A97C51B8143E200E3F263 /* ViewController.swift */,
				048A97C71B8143E200E3F263 /* Main.storyboard */,
				048A97CA1B8143E200E3F263 /* Images.xcassets */,
				048A97CC1B8143E200E3F263 /* LaunchScreen.xib */,
				048A97C21B8143E200E3F263 /* MiGarage.xcdatamodeld */,
				048A97BE1B8143E200E3F263 /* Supporting Files */,
			);
			path = MiGarage;
			sourceTree = "<group>";
		};
		048A97BE1B8143E200E3F263 /* Supporting Files */ = {
			isa = PBXGroup;
			children = (
				048A97BF1B8143E200E3F263 /* Info.plist */,
			);
			name = "Supporting Files";
			sourceTree = "<group>";
		};
		048A97D61B8143E300E3F263 /* MiGarageTests */ = {
			isa = PBXGroup;
			children = (
				048A97D91B8143E300E3F263 /* MiGarageTests.swift */,
				048A97D71B8143E300E3F263 /* Supporting Files */,
			);
			path = MiGarageTests;
			sourceTree = "<group>";
		};
		048A97D71B8143E300E3F263 /* Supporting Files */ = {
			isa = PBXGroup;
			children = (
				048A97D81B8143E300E3F263 /* Info.plist */,
			);
			name = "Supporting Files";
			sourceTree = "<group>";
		};
/* End PBXGroup section */

/* Begin PBXNativeTarget section */
		048A97BA1B8143E200E3F263 /* MiGarage */ = {
			isa = PBXNativeTarget;
			buildConfigurationList = 048A97DD1B8143E300E3F263 /* Build configuration list for PBXNativeTarget "MiGarage" */;
			buildPhases = (
				048A97B71B8143E200E3F263 /* Sources */,
				048A97B81B8143E200E3F263 /* Frameworks */,
				048A97B91B8143E200E3F263 /* Resources */,
			);
			buildRules = (
			);
			dependencies = (
			);
			name = MiGarage;
			productName = MiGarage;
			productReference = 048A97BB1B8143E200E3F263 /* MiGarage.app */;
			productType = "com.apple.product-type.application";
		};
		048A97D21B8143E300E3F263 /* MiGarageTests */ = {
			isa = PBXNativeTarget;
			buildConfigurationList = 048A97E01B8143E300E3F263 /* Build configuration list for PBXNativeTarget "MiGarageTests" */;
			buildPhases = (
				048A97CF1B8143E300E3F263 /* Sources */,
				048A97D01B8143E300E3F263 /* Frameworks */,
				048A97D11B8143E300E3F263 /* Resources */,
			);
			buildRules = (
			);
			dependencies = (
				048A97D51B8143E300E3F263 /* PBXTargetDependency */,
			);
			name = MiGarageTests;
			productName = MiGarageTests;
			productReference = 048A97D31B8143E300E3F263 /* MiGarageTests.xctest */;
			productType = "com.apple.product-type.bundle.unit-test";
		};
/* End PBXNativeTarget section */

/* Begin PBXProject section */
		048A97B31B8143E200E3F263 /* Project object */ = {
			isa = PBXProject;
			attributes = {
				LastUpgradeCheck = 0630;
				ORGANIZATIONNAME = "Che-Chuen Ho";
				TargetAttributes = {
					048A97BA1B8143E200E3F263 = {
						CreatedOnToolsVersion = 6.3.2;
					};
					048A97D21B8143E300E3F263 = {
						CreatedOnToolsVersion = 6.3.2;
						TestTargetID = 048A97BA1B8143E200E3F263;
					};
				};
			};
			buildConfigurationList = 048A97B61B8143E200E3F263 /* Build configuration list for PBXProject "MiGarage" */;
			compatibilityVersion = "Xcode 3.2";
			developmentRegion = English;
			hasScannedForEncodings = 0;
			knownRegions = (
				en,
				Base,
			);
			mainGroup = 048A97B21B8143E200E3F263;
			productRefGroup = 048A97BC1B8143E200E3F263 /* Products */;
			projectDirPath = "";
			projectRoot = "";
			targets = (
				048A97BA1B8143E200E3F263 /* MiGarage */,
				048A97D21B8143E300E3F263 /* MiGarageTests */,
			);
		};
/* End PBXProject section */

/* Begin PBXResourcesBuildPhase section */
		048A97B91B8143E200E3F263 /* Resources */ = {
			isa = PBXResourcesBuildPhase;
			buildActionMask = 2147483647;
			files = (
				048A97C91B8143E200E3F263 /* Main.storyboard in Resources */,
				048A97CE1B8143E200E3F263 /* LaunchScreen.xib in Resources */,
				048A97CB1B8143E200E3F263 /* Images.xcassets in Resources */,
			);
			runOnlyForDeploymentPostprocessing = 0;
		};
		048A97D11B8143E300E3F263 /* Resources */ = {
			isa = PBXResourcesBuildPhase;
			buildActionMask = 2147483647;
			files = (
			);
			runOnlyForDeploymentPostprocessing = 0;
		};
/* End PBXResourcesBuildPhase section */

/* Begin PBXSourcesBuildPhase section */
		048A97B71B8143E200E3F263 /* Sources */ = {
			isa = PBXSourcesBuildPhase;
			buildActionMask = 2147483647;
			files = (
				048A97C61B8143E200E3F263 /* ViewController.swift in Sources */,
				048A97C41B8143E200E3F263 /* MiGarage.xcdatamodeld in Sources */,
				048A97C11B8143E200E3F263 /* AppDelegate.swift in Sources */,
			);
			runOnlyForDeploymentPostprocessing = 0;
		};
		048A97CF1B8143E300E3F263 /* Sources */ = {
			isa = PBXSourcesBuildPhase;
			buildActionMask = 2147483647;
			files = (
				048A97DA1B8143E300E3F263 /* MiGarageTests.swift in Sources */,
			);
			runOnlyForDeploymentPostprocessing = 0;
		};
/* End PBXSourcesBuildPhase section */

/* Begin PBXTargetDependency section */
		048A97D51B8143E300E3F263 /* PBXTargetDependency */ = {
			isa = PBXTargetDependency;
			target = 048A97BA1B8143E200E3F263 /* MiGarage */;
			targetProxy = 048A97D41B8143E300E3F263 /* PBXContainerItemProxy */;
		};
/* End PBXTargetDependency section */

/* Begin PBXVariantGroup section */
		048A97C71B8143E200E3F263 /* Main.storyboard */ = {
			isa = PBXVariantGroup;
			children = (
				048A97C81B8143E200E3F263 /* Base */,
			);
			name = Main.storyboard;
			sourceTree = "<group>";
		};
		048A97CC1B8143E200E3F263 /* LaunchScreen.xib */ = {
			isa = PBXVariantGroup;
			children = (
				048A97CD1B8143E200E3F263 /* Base */,
			);
			name = LaunchScreen.xib;
			sourceTree = "<group>";
		};
/* End PBXVariantGroup section */

/* Begin XCBuildConfiguration section */
		048A97DB1B8143E300E3F263 /* Debug */ = {
			isa = XCBuildConfiguration;
			buildSettings = {
				ALWAYS_SEARCH_USER_PATHS = NO;
				CLANG_CXX_LANGUAGE_STANDARD = "gnu++0x";
				CLANG_CXX_LIBRARY = "libc++";
				CLANG_ENABLE_MODULES = YES;
				CLANG_ENABLE_OBJC_ARC = YES;
				CLANG_WARN_BOOL_CONVERSION = YES;
				CLANG_WARN_CONSTANT_CONVERSION = YES;
				CLANG_WARN_DIRECT_OBJC_ISA_USAGE = YES_ERROR;
				CLANG_WARN_EMPTY_BODY = YES;
				CLANG_WARN_ENUM_CONVERSION = YES;
				CLANG_WARN_INT_CONVERSION = YES;
				CLANG_WARN_OBJC_ROOT_CLASS = YES_ERROR;
				CLANG_WARN_UNREACHABLE_CODE = YES;
				CLANG_WARN__DUPLICATE_METHOD_MATCH = YES;
				"CODE_SIGN_IDENTITY[sdk=iphoneos*]" = "iPhone Developer";
				COPY_PHASE_STRIP = NO;
				DEBUG_INFORMATION_FORMAT = "dwarf-with-dsym";
				ENABLE_STRICT_OBJC_MSGSEND = YES;
				GCC_C_LANGUAGE_STANDARD = gnu99;
				GCC_DYNAMIC_NO_PIC = NO;
				GCC_NO_COMMON_BLOCKS = YES;
				GCC_OPTIMIZATION_LEVEL = 0;
				GCC_PREPROCESSOR_DEFINITIONS = (
					"DEBUG=1",
					"$(inherited)",
				);
				GCC_SYMBOLS_PRIVATE_EXTERN = NO;
				GCC_WARN_64_TO_32_BIT_CONVERSION = YES;
				GCC_WARN_ABOUT_RETURN_TYPE = YES_ERROR;
				GCC_WARN_UNDECLARED_SELECTOR = YES;
				GCC_WARN_UNINITIALIZED_AUTOS = YES_AGGRESSIVE;
				GCC_WARN_UNUSED_FUNCTION = YES;
				GCC_WARN_UNUSED_VARIABLE = YES;
				IPHONEOS_DEPLOYMENT_TARGET = 8.3;
				MTL_ENABLE_DEBUG_INFO = YES;
				ONLY_ACTIVE_ARCH = YES;
				SDKROOT = iphoneos;
				SWIFT_OPTIMIZATION_LEVEL = "-Onone";
			};
			name = Debug;
		};
		048A97DC1B8143E300E3F263 /* Release */ = {
			isa = XCBuildConfiguration;
			buildSettings = {
				ALWAYS_SEARCH_USER_PATHS = NO;
				CLANG_CXX_LANGUAGE_STANDARD = "gnu++0x";
				CLANG_CXX_LIBRARY = "libc++";
				CLANG_ENABLE_MODULES = YES;
				CLANG_ENABLE_OBJC_ARC = YES;
				CLANG_WARN_BOOL_CONVERSION = YES;
				CLANG_WARN_CONSTANT_CONVERSION = YES;
				CLANG_WARN_DIRECT_OBJC_ISA_USAGE = YES_ERROR;
				CLANG_WARN_EMPTY_BODY = YES;
				CLANG_WARN_ENUM_CONVERSION = YES;
				CLANG_WARN_INT_CONVERSION = YES;
				CLANG_WARN_OBJC_ROOT_CLASS = YES_ERROR;
				CLANG_WARN_UNREACHABLE_CODE = YES;
				CLANG_WARN__DUPLICATE_METHOD_MATCH = YES;
				"CODE_SIGN_IDENTITY[sdk=iphoneos*]" = "iPhone Developer";
				COPY_PHASE_STRIP = NO;
				DEBUG_INFORMATION_FORMAT = "dwarf-with-dsym";
				ENABLE_NS_ASSERTIONS = NO;
				ENABLE_STRICT_OBJC_MSGSEND = YES;
				GCC_C_LANGUAGE_STANDARD = gnu99;
				GCC_NO_COMMON_BLOCKS = YES;
				GCC_WARN_64_TO_32_BIT_CONVERSION = YES;
				GCC_WARN_ABOUT_RETURN_TYPE = YES_ERROR;
				GCC_WARN_UNDECLARED_SELECTOR = YES;
				GCC_WARN_UNINITIALIZED_AUTOS = YES_AGGRESSIVE;
				GCC_WARN_UNUSED_FUNCTION = YES;
				GCC_WARN_UNUSED_VARIABLE = YES;
				IPHONEOS_DEPLOYMENT_TARGET = 8.3;
				MTL_ENABLE_DEBUG_INFO = NO;
				SDKROOT = iphoneos;
				VALIDATE_PRODUCT = YES;
			};
			name = Release;
		};
		048A97DE1B8143E300E3F263 /* Debug */ = {
			isa = XCBuildConfiguration;
			buildSettings = {
				ASSETCATALOG_COMPILER_APPICON_NAME = AppIcon;
				INFOPLIST_FILE = MiGarage/Info.plist;
				LD_RUNPATH_SEARCH_PATHS = "$(inherited) @executable_path/Frameworks";
				PRODUCT_NAME = "$(TARGET_NAME)";
			};
			name = Debug;
		};
		048A97DF1B8143E300E3F263 /* Release */ = {
			isa = XCBuildConfiguration;
			buildSettings = {
				ASSETCATALOG_COMPILER_APPICON_NAME = AppIcon;
				INFOPLIST_FILE = MiGarage/Info.plist;
				LD_RUNPATH_SEARCH_PATHS = "$(inherited) @executable_path/Frameworks";
				PRODUCT_NAME = "$(TARGET_NAME)";
			};
			name = Release;
		};
		048A97E11B8143E300E3F263 /* Debug */ = {
			isa = XCBuildConfiguration;
			buildSettings = {
				BUNDLE_LOADER = "$(TEST_HOST)";
				FRAMEWORK_SEARCH_PATHS = (
					"$(SDKROOT)/Developer/Library/Frameworks",
					"$(inherited)",
				);
				GCC_PREPROCESSOR_DEFINITIONS = (
					"DEBUG=1",
					"$(inherited)",
				);
				INFOPLIST_FILE = MiGarageTests/Info.plist;
				LD_RUNPATH_SEARCH_PATHS = "$(inherited) @executable_path/Frameworks @loader_path/Frameworks";
				PRODUCT_NAME = "$(TARGET_NAME)";
				TEST_HOST = "$(BUILT_PRODUCTS_DIR)/MiGarage.app/MiGarage";
			};
			name = Debug;
		};
		048A97E21B8143E300E3F263 /* Release */ = {
			isa = XCBuildConfiguration;
			buildSettings = {
				BUNDLE_LOADER = "$(TEST_HOST)";
				FRAMEWORK_SEARCH_PATHS = (
					"$(SDKROOT)/Developer/Library/Frameworks",
					"$(inherited)",
				);
				INFOPLIST_FILE = MiGarageTests/Info.plist;
				LD_RUNPATH_SEARCH_PATHS = "$(inherited) @executable_path/Frameworks @loader_path/Frameworks";
				PRODUCT_NAME = "$(TARGET_NAME)";
				TEST_HOST = "$(BUILT_PRODUCTS_DIR)/MiGarage.app/MiGarage";
			};
			name = Release;
		};
/* End XCBuildConfiguration section */

/* Begin XCConfigurationList section */
		048A97B61B8143E200E3F263 /* Build configuration list for PBXProject "MiGarage" */ = {
			isa = XCConfigurationList;
			buildConfigurations = (
				048A97DB1B8143E300E3F263 /* Debug */,
				048A97DC1B8143E300E3F263 /* Release */,
			);
			defaultConfigurationIsVisible = 0;
			defaultConfigurationName = Release;
		};
		048A97DD1B8143E300E3F263 /* Build configuration list for PBXNativeTarget "MiGarage" */ = {
			isa = XCConfigurationList;
			buildConfigurations = (
				048A97DE1B8143E300E3F263 /* Debug */,
				048A97DF1B8143E300E3F263 /* Release */,
			);
			defaultConfigurationIsVisible = 0;
			defaultConfigurationName = Release;
		};
		048A97E01B8143E300E3F263 /* Build configuration list for PBXNativeTarget "MiGarageTests" */ = {
			isa = XCConfigurationList;
			buildConfigurations = (
				048A97E11B8143E300E3F263 /* Debug */,
				048A97E21B8143E300E3F263 /* Release */,
			);
			defaultConfigurationIsVisible = 0;
			defaultConfigurationName = Release;
		};
/* End XCConfigurationList section */

/* Begin XCVersionGroup section */
		048A97C21B8143E200E3F263 /* MiGarage.xcdatamodeld */ = {
			isa = XCVersionGroup;
			children = (
				048A97C31B8143E200E3F263 /* MiGarage.xcdatamodel */,
			);
			currentVersion = 048A97C31B8143E200E3F263 /* MiGarage.xcdatamodel */;
			path = MiGarage.xcdatamodeld;
			sourceTree = "<group>";
			versionGroupType = wrapper.xcdatamodel;
		};
/* End XCVersionGroup section */
	};
	rootObject = 048A97B31B8143E200E3F263 /* Project object */;
}
